// !$*UTF8*$!
{
	archiveVersion = 1;
	classes = {
	};
	objectVersion = 50;
	objects = {

/* Begin PBXBuildFile section */
		102F0F7123B568C600ACDFC2 /* SceneMethods.swift in Sources */ = {isa = PBXBuildFile; fileRef = 102F0F7023B568C600ACDFC2 /* SceneMethods.swift */; };
		10C1ACC823B03102008B16C7 /* AppDelegate.swift in Sources */ = {isa = PBXBuildFile; fileRef = 10C1ACC723B03102008B16C7 /* AppDelegate.swift */; };
		10C1ACCA23B03102008B16C7 /* SceneDelegate.swift in Sources */ = {isa = PBXBuildFile; fileRef = 10C1ACC923B03102008B16C7 /* SceneDelegate.swift */; };
		10C1ACCC23B03102008B16C7 /* ViewController.swift in Sources */ = {isa = PBXBuildFile; fileRef = 10C1ACCB23B03102008B16C7 /* ViewController.swift */; };
		10C1ACCF23B03102008B16C7 /* Main.storyboard in Resources */ = {isa = PBXBuildFile; fileRef = 10C1ACCD23B03102008B16C7 /* Main.storyboard */; };
		10C1ACD123B03107008B16C7 /* Assets.xcassets in Resources */ = {isa = PBXBuildFile; fileRef = 10C1ACD023B03107008B16C7 /* Assets.xcassets */; };
		10C1ACD423B03107008B16C7 /* LaunchScreen.storyboard in Resources */ = {isa = PBXBuildFile; fileRef = 10C1ACD223B03107008B16C7 /* LaunchScreen.storyboard */; };
		10C1ACDC23B0377E008B16C7 /* LoginViewController.swift in Sources */ = {isa = PBXBuildFile; fileRef = 10C1ACDB23B0377E008B16C7 /* LoginViewController.swift */; };
		10C1ACE023B04D09008B16C7 /* ListViewController.swift in Sources */ = {isa = PBXBuildFile; fileRef = 10C1ACDF23B04D09008B16C7 /* ListViewController.swift */; };
		10C1ACE223B04D76008B16C7 /* LigandsList.swift in Sources */ = {isa = PBXBuildFile; fileRef = 10C1ACE123B04D76008B16C7 /* LigandsList.swift */; };
		10C1ACE423B0D66C008B16C7 /* ProteinViewController.swift in Sources */ = {isa = PBXBuildFile; fileRef = 10C1ACE323B0D66C008B16C7 /* ProteinViewController.swift */; };
		10C1ACE623B0D746008B16C7 /* Ligand.swift in Sources */ = {isa = PBXBuildFile; fileRef = 10C1ACE523B0D746008B16C7 /* Ligand.swift */; };
		10DD247D23C0ECE1000056E3 /* Networking.swift in Sources */ = {isa = PBXBuildFile; fileRef = 10DD247C23C0ECE1000056E3 /* Networking.swift */; };
/* End PBXBuildFile section */

/* Begin PBXFileReference section */
		102F0F7023B568C600ACDFC2 /* SceneMethods.swift */ = {isa = PBXFileReference; lastKnownFileType = sourcecode.swift; path = SceneMethods.swift; sourceTree = "<group>"; };
		10C1ACC423B03102008B16C7 /* SwiftyProtein.app */ = {isa = PBXFileReference; explicitFileType = wrapper.application; includeInIndex = 0; path = SwiftyProtein.app; sourceTree = BUILT_PRODUCTS_DIR; };
		10C1ACC723B03102008B16C7 /* AppDelegate.swift */ = {isa = PBXFileReference; lastKnownFileType = sourcecode.swift; path = AppDelegate.swift; sourceTree = "<group>"; };
		10C1ACC923B03102008B16C7 /* SceneDelegate.swift */ = {isa = PBXFileReference; lastKnownFileType = sourcecode.swift; path = SceneDelegate.swift; sourceTree = "<group>"; };
		10C1ACCB23B03102008B16C7 /* ViewController.swift */ = {isa = PBXFileReference; lastKnownFileType = sourcecode.swift; path = ViewController.swift; sourceTree = "<group>"; };
		10C1ACCE23B03102008B16C7 /* Base */ = {isa = PBXFileReference; lastKnownFileType = file.storyboard; name = Base; path = Base.lproj/Main.storyboard; sourceTree = "<group>"; };
		10C1ACD023B03107008B16C7 /* Assets.xcassets */ = {isa = PBXFileReference; lastKnownFileType = folder.assetcatalog; path = Assets.xcassets; sourceTree = "<group>"; };
		10C1ACD323B03107008B16C7 /* Base */ = {isa = PBXFileReference; lastKnownFileType = file.storyboard; name = Base; path = Base.lproj/LaunchScreen.storyboard; sourceTree = "<group>"; };
		10C1ACD523B03107008B16C7 /* Info.plist */ = {isa = PBXFileReference; lastKnownFileType = text.plist.xml; path = Info.plist; sourceTree = "<group>"; };
		10C1ACDB23B0377E008B16C7 /* LoginViewController.swift */ = {isa = PBXFileReference; lastKnownFileType = sourcecode.swift; path = LoginViewController.swift; sourceTree = "<group>"; };
		10C1ACDF23B04D09008B16C7 /* ListViewController.swift */ = {isa = PBXFileReference; lastKnownFileType = sourcecode.swift; path = ListViewController.swift; sourceTree = "<group>"; };
		10C1ACE123B04D76008B16C7 /* LigandsList.swift */ = {isa = PBXFileReference; lastKnownFileType = sourcecode.swift; path = LigandsList.swift; sourceTree = "<group>"; };
		10C1ACE323B0D66C008B16C7 /* ProteinViewController.swift */ = {isa = PBXFileReference; lastKnownFileType = sourcecode.swift; path = ProteinViewController.swift; sourceTree = "<group>"; };
		10C1ACE523B0D746008B16C7 /* Ligand.swift */ = {isa = PBXFileReference; lastKnownFileType = sourcecode.swift; path = Ligand.swift; sourceTree = "<group>"; };
		10DD247C23C0ECE1000056E3 /* Networking.swift */ = {isa = PBXFileReference; lastKnownFileType = sourcecode.swift; path = Networking.swift; sourceTree = "<group>"; };
/* End PBXFileReference section */

/* Begin PBXFrameworksBuildPhase section */
		10C1ACC123B03102008B16C7 /* Frameworks */ = {
			isa = PBXFrameworksBuildPhase;
			buildActionMask = 2147483647;
			files = (
			);
			runOnlyForDeploymentPostprocessing = 0;
		};
/* End PBXFrameworksBuildPhase section */

/* Begin PBXGroup section */
		10C1ACBB23B03102008B16C7 = {
			isa = PBXGroup;
			children = (
				10C1ACC623B03102008B16C7 /* SwiftyProtein */,
				10C1ACC523B03102008B16C7 /* Products */,
			);
			sourceTree = "<group>";
		};
		10C1ACC523B03102008B16C7 /* Products */ = {
			isa = PBXGroup;
			children = (
				10C1ACC423B03102008B16C7 /* SwiftyProtein.app */,
			);
			name = Products;
			sourceTree = "<group>";
		};
		10C1ACC623B03102008B16C7 /* SwiftyProtein */ = {
			isa = PBXGroup;
			children = (
				10C1ACC723B03102008B16C7 /* AppDelegate.swift */,
				10C1ACC923B03102008B16C7 /* SceneDelegate.swift */,
				10C1ACCB23B03102008B16C7 /* ViewController.swift */,
				10C1ACE723B0D74F008B16C7 /* Model */,
				10C1ACDD23B0378A008B16C7 /* View */,
				10C1ACDE23B03795008B16C7 /* Controller */,
				10C1ACD023B03107008B16C7 /* Assets.xcassets */,
				10C1ACD523B03107008B16C7 /* Info.plist */,
			);
			path = SwiftyProtein;
			sourceTree = "<group>";
		};
		10C1ACDD23B0378A008B16C7 /* View */ = {
			isa = PBXGroup;
			children = (
				10C1ACCD23B03102008B16C7 /* Main.storyboard */,
				10C1ACD223B03107008B16C7 /* LaunchScreen.storyboard */,
			);
			path = View;
			sourceTree = "<group>";
		};
		10C1ACDE23B03795008B16C7 /* Controller */ = {
			isa = PBXGroup;
			children = (
				10C1ACDB23B0377E008B16C7 /* LoginViewController.swift */,
				10C1ACDF23B04D09008B16C7 /* ListViewController.swift */,
				10C1ACE323B0D66C008B16C7 /* ProteinViewController.swift */,
			);
			path = Controller;
			sourceTree = "<group>";
		};
		10C1ACE723B0D74F008B16C7 /* Model */ = {
			isa = PBXGroup;
			children = (
				10C1ACE123B04D76008B16C7 /* LigandsList.swift */,
				10C1ACE523B0D746008B16C7 /* Ligand.swift */,
				102F0F7023B568C600ACDFC2 /* SceneMethods.swift */,
				10DD247C23C0ECE1000056E3 /* Networking.swift */,
			);
			path = Model;
			sourceTree = "<group>";
		};
/* End PBXGroup section */

/* Begin PBXNativeTarget section */
		10C1ACC323B03102008B16C7 /* SwiftyProtein */ = {
			isa = PBXNativeTarget;
			buildConfigurationList = 10C1ACD823B03107008B16C7 /* Build configuration list for PBXNativeTarget "SwiftyProtein" */;
			buildPhases = (
				10C1ACC023B03102008B16C7 /* Sources */,
				10C1ACC123B03102008B16C7 /* Frameworks */,
				10C1ACC223B03102008B16C7 /* Resources */,
			);
			buildRules = (
			);
			dependencies = (
			);
			name = SwiftyProtein;
			productName = SwiftyProtein;
			productReference = 10C1ACC423B03102008B16C7 /* SwiftyProtein.app */;
			productType = "com.apple.product-type.application";
		};
/* End PBXNativeTarget section */

/* Begin PBXProject section */
		10C1ACBC23B03102008B16C7 /* Project object */ = {
			isa = PBXProject;
			attributes = {
				LastSwiftUpdateCheck = 1110;
				LastUpgradeCheck = 1110;
				ORGANIZATIONNAME = "Steve Vovchyna";
				TargetAttributes = {
					10C1ACC323B03102008B16C7 = {
						CreatedOnToolsVersion = 11.1;
					};
				};
			};
			buildConfigurationList = 10C1ACBF23B03102008B16C7 /* Build configuration list for PBXProject "SwiftyProtein" */;
			compatibilityVersion = "Xcode 9.3";
			developmentRegion = en;
			hasScannedForEncodings = 0;
			knownRegions = (
				en,
				Base,
			);
			mainGroup = 10C1ACBB23B03102008B16C7;
			productRefGroup = 10C1ACC523B03102008B16C7 /* Products */;
			projectDirPath = "";
			projectRoot = "";
			targets = (
				10C1ACC323B03102008B16C7 /* SwiftyProtein */,
			);
		};
/* End PBXProject section */

/* Begin PBXResourcesBuildPhase section */
		10C1ACC223B03102008B16C7 /* Resources */ = {
			isa = PBXResourcesBuildPhase;
			buildActionMask = 2147483647;
			files = (
				10C1ACD423B03107008B16C7 /* LaunchScreen.storyboard in Resources */,
				10C1ACD123B03107008B16C7 /* Assets.xcassets in Resources */,
				10C1ACCF23B03102008B16C7 /* Main.storyboard in Resources */,
			);
			runOnlyForDeploymentPostprocessing = 0;
		};
/* End PBXResourcesBuildPhase section */

/* Begin PBXSourcesBuildPhase section */
		10C1ACC023B03102008B16C7 /* Sources */ = {
			isa = PBXSourcesBuildPhase;
			buildActionMask = 2147483647;
			files = (
				10C1ACE223B04D76008B16C7 /* LigandsList.swift in Sources */,
				10DD247D23C0ECE1000056E3 /* Networking.swift in Sources */,
				102F0F7123B568C600ACDFC2 /* SceneMethods.swift in Sources */,
				10C1ACDC23B0377E008B16C7 /* LoginViewController.swift in Sources */,
				10C1ACCC23B03102008B16C7 /* ViewController.swift in Sources */,
				10C1ACC823B03102008B16C7 /* AppDelegate.swift in Sources */,
				10C1ACE423B0D66C008B16C7 /* ProteinViewController.swift in Sources */,
				10C1ACE023B04D09008B16C7 /* ListViewController.swift in Sources */,
				10C1ACE623B0D746008B16C7 /* Ligand.swift in Sources */,
				10C1ACCA23B03102008B16C7 /* SceneDelegate.swift in Sources */,
			);
			runOnlyForDeploymentPostprocessing = 0;
		};
/* End PBXSourcesBuildPhase section */

/* Begin PBXVariantGroup section */
		10C1ACCD23B03102008B16C7 /* Main.storyboard */ = {
			isa = PBXVariantGroup;
			children = (
				10C1ACCE23B03102008B16C7 /* Base */,
			);
			name = Main.storyboard;
			sourceTree = "<group>";
		};
		10C1ACD223B03107008B16C7 /* LaunchScreen.storyboard */ = {
			isa = PBXVariantGroup;
			children = (
				10C1ACD323B03107008B16C7 /* Base */,
			);
			name = LaunchScreen.storyboard;
			sourceTree = "<group>";
		};
/* End PBXVariantGroup section */

/* Begin XCBuildConfiguration section */
		10C1ACD623B03107008B16C7 /* Debug */ = {
			isa = XCBuildConfiguration;
			buildSettings = {
				ALWAYS_SEARCH_USER_PATHS = NO;
				CLANG_ANALYZER_NONNULL = YES;
				CLANG_ANALYZER_NUMBER_OBJECT_CONVERSION = YES_AGGRESSIVE;
				CLANG_CXX_LANGUAGE_STANDARD = "gnu++14";
				CLANG_CXX_LIBRARY = "libc++";
				CLANG_ENABLE_MODULES = YES;
				CLANG_ENABLE_OBJC_ARC = YES;
				CLANG_ENABLE_OBJC_WEAK = YES;
				CLANG_WARN_BLOCK_CAPTURE_AUTORELEASING = YES;
				CLANG_WARN_BOOL_CONVERSION = YES;
				CLANG_WARN_COMMA = YES;
				CLANG_WARN_CONSTANT_CONVERSION = YES;
				CLANG_WARN_DEPRECATED_OBJC_IMPLEMENTATIONS = YES;
				CLANG_WARN_DIRECT_OBJC_ISA_USAGE = YES_ERROR;
				CLANG_WARN_DOCUMENTATION_COMMENTS = YES;
				CLANG_WARN_EMPTY_BODY = YES;
				CLANG_WARN_ENUM_CONVERSION = YES;
				CLANG_WARN_INFINITE_RECURSION = YES;
				CLANG_WARN_INT_CONVERSION = YES;
				CLANG_WARN_NON_LITERAL_NULL_CONVERSION = YES;
				CLANG_WARN_OBJC_IMPLICIT_RETAIN_SELF = YES;
				CLANG_WARN_OBJC_LITERAL_CONVERSION = YES;
				CLANG_WARN_OBJC_ROOT_CLASS = YES_ERROR;
				CLANG_WARN_RANGE_LOOP_ANALYSIS = YES;
				CLANG_WARN_STRICT_PROTOTYPES = YES;
				CLANG_WARN_SUSPICIOUS_MOVE = YES;
				CLANG_WARN_UNGUARDED_AVAILABILITY = YES_AGGRESSIVE;
				CLANG_WARN_UNREACHABLE_CODE = YES;
				CLANG_WARN__DUPLICATE_METHOD_MATCH = YES;
				COPY_PHASE_STRIP = NO;
				DEBUG_INFORMATION_FORMAT = dwarf;
				ENABLE_STRICT_OBJC_MSGSEND = YES;
				ENABLE_TESTABILITY = YES;
				GCC_C_LANGUAGE_STANDARD = gnu11;
				GCC_DYNAMIC_NO_PIC = NO;
				GCC_NO_COMMON_BLOCKS = YES;
				GCC_OPTIMIZATION_LEVEL = 0;
				GCC_PREPROCESSOR_DEFINITIONS = (
					"DEBUG=1",
					"$(inherited)",
				);
				GCC_WARN_64_TO_32_BIT_CONVERSION = YES;
				GCC_WARN_ABOUT_RETURN_TYPE = YES_ERROR;
				GCC_WARN_UNDECLARED_SELECTOR = YES;
				GCC_WARN_UNINITIALIZED_AUTOS = YES_AGGRESSIVE;
				GCC_WARN_UNUSED_FUNCTION = YES;
				GCC_WARN_UNUSED_VARIABLE = YES;
				IPHONEOS_DEPLOYMENT_TARGET = 13.1;
				MTL_ENABLE_DEBUG_INFO = INCLUDE_SOURCE;
				MTL_FAST_MATH = YES;
				ONLY_ACTIVE_ARCH = YES;
				SDKROOT = iphoneos;
				SWIFT_ACTIVE_COMPILATION_CONDITIONS = DEBUG;
				SWIFT_OPTIMIZATION_LEVEL = "-Onone";
			};
			name = Debug;
		};
		10C1ACD723B03107008B16C7 /* Release */ = {
			isa = XCBuildConfiguration;
			buildSettings = {
				ALWAYS_SEARCH_USER_PATHS = NO;
				CLANG_ANALYZER_NONNULL = YES;
				CLANG_ANALYZER_NUMBER_OBJECT_CONVERSION = YES_AGGRESSIVE;
				CLANG_CXX_LANGUAGE_STANDARD = "gnu++14";
				CLANG_CXX_LIBRARY = "libc++";
				CLANG_ENABLE_MODULES = YES;
				CLANG_ENABLE_OBJC_ARC = YES;
				CLANG_ENABLE_OBJC_WEAK = YES;
				CLANG_WARN_BLOCK_CAPTURE_AUTORELEASING = YES;
				CLANG_WARN_BOOL_CONVERSION = YES;
				CLANG_WARN_COMMA = YES;
				CLANG_WARN_CONSTANT_CONVERSION = YES;
				CLANG_WARN_DEPRECATED_OBJC_IMPLEMENTATIONS = YES;
				CLANG_WARN_DIRECT_OBJC_ISA_USAGE = YES_ERROR;
				CLANG_WARN_DOCUMENTATION_COMMENTS = YES;
				CLANG_WARN_EMPTY_BODY = YES;
				CLANG_WARN_ENUM_CONVERSION = YES;
				CLANG_WARN_INFINITE_RECURSION = YES;
				CLANG_WARN_INT_CONVERSION = YES;
				CLANG_WARN_NON_LITERAL_NULL_CONVERSION = YES;
				CLANG_WARN_OBJC_IMPLICIT_RETAIN_SELF = YES;
				CLANG_WARN_OBJC_LITERAL_CONVERSION = YES;
				CLANG_WARN_OBJC_ROOT_CLASS = YES_ERROR;
				CLANG_WARN_RANGE_LOOP_ANALYSIS = YES;
				CLANG_WARN_STRICT_PROTOTYPES = YES;
				CLANG_WARN_SUSPICIOUS_MOVE = YES;
				CLANG_WARN_UNGUARDED_AVAILABILITY = YES_AGGRESSIVE;
				CLANG_WARN_UNREACHABLE_CODE = YES;
				CLANG_WARN__DUPLICATE_METHOD_MATCH = YES;
				COPY_PHASE_STRIP = NO;
				DEBUG_INFORMATION_FORMAT = "dwarf-with-dsym";
				ENABLE_NS_ASSERTIONS = NO;
				ENABLE_STRICT_OBJC_MSGSEND = YES;
				GCC_C_LANGUAGE_STANDARD = gnu11;
				GCC_NO_COMMON_BLOCKS = YES;
				GCC_WARN_64_TO_32_BIT_CONVERSION = YES;
				GCC_WARN_ABOUT_RETURN_TYPE = YES_ERROR;
				GCC_WARN_UNDECLARED_SELECTOR = YES;
				GCC_WARN_UNINITIALIZED_AUTOS = YES_AGGRESSIVE;
				GCC_WARN_UNUSED_FUNCTION = YES;
				GCC_WARN_UNUSED_VARIABLE = YES;
				IPHONEOS_DEPLOYMENT_TARGET = 13.1;
				MTL_ENABLE_DEBUG_INFO = NO;
				MTL_FAST_MATH = YES;
				SDKROOT = iphoneos;
				SWIFT_COMPILATION_MODE = wholemodule;
				SWIFT_OPTIMIZATION_LEVEL = "-O";
				VALIDATE_PRODUCT = YES;
			};
			name = Release;
		};
		10C1ACD923B03107008B16C7 /* Debug */ = {
			isa = XCBuildConfiguration;
			buildSettings = {
				ASSETCATALOG_COMPILER_APPICON_NAME = AppIcon;
				CODE_SIGN_STYLE = Automatic;
				DEVELOPMENT_TEAM = 68V7NHY2R5;
				INFOPLIST_FILE = SwiftyProtein/Info.plist;
				LD_RUNPATH_SEARCH_PATHS = (
					"$(inherited)",
					"@executable_path/Frameworks",
				);
				PRODUCT_BUNDLE_IDENTIFIER = com.stevevovchyna.SwiftyProtein;
				PRODUCT_NAME = "$(TARGET_NAME)";
				SWIFT_VERSION = 5.0;
				TARGETED_DEVICE_FAMILY = 1;
			};
			name = Debug;
		};
		10C1ACDA23B03107008B16C7 /* Release */ = {
			isa = XCBuildConfiguration;
			buildSettings = {
				ASSETCATALOG_COMPILER_APPICON_NAME = AppIcon;
				CODE_SIGN_STYLE = Automatic;
				DEVELOPMENT_TEAM = 68V7NHY2R5;
				INFOPLIST_FILE = SwiftyProtein/Info.plist;
				LD_RUNPATH_SEARCH_PATHS = (
					"$(inherited)",
					"@executable_path/Frameworks",
				);
				PRODUCT_BUNDLE_IDENTIFIER = com.stevevovchyna.SwiftyProtein;
				PRODUCT_NAME = "$(TARGET_NAME)";
				SWIFT_VERSION = 5.0;
				TARGETED_DEVICE_FAMILY = 1;
			};
			name = Release;
		};
/* End XCBuildConfiguration section */

/* Begin XCConfigurationList section */
		10C1ACBF23B03102008B16C7 /* Build configuration list for PBXProject "SwiftyProtein" */ = {
			isa = XCConfigurationList;
			buildConfigurations = (
				10C1ACD623B03107008B16C7 /* Debug */,
				10C1ACD723B03107008B16C7 /* Release */,
			);
			defaultConfigurationIsVisible = 0;
			defaultConfigurationName = Release;
		};
		10C1ACD823B03107008B16C7 /* Build configuration list for PBXNativeTarget "SwiftyProtein" */ = {
			isa = XCConfigurationList;
			buildConfigurations = (
				10C1ACD923B03107008B16C7 /* Debug */,
				10C1ACDA23B03107008B16C7 /* Release */,
			);
			defaultConfigurationIsVisible = 0;
			defaultConfigurationName = Release;
		};
/* End XCConfigurationList section */
	};
	rootObject = 10C1ACBC23B03102008B16C7 /* Project object */;
}
